{
  "lockfile_version": "1",
  "packages": {
    "github:NixOS/nixpkgs/nixpkgs-unstable": {
      "resolved": "github:NixOS/nixpkgs/ab6de70223e1d4c475e0dbac6aaa37fbfdf4d08c?lastModified=1757718128&narHash=sha256-%2FkO7LVeEVyzigrZXOh0HaREsyaqGQxD2xLa7VV3g21A%3D"
    },
    "k9s@latest": {
      "last_modified": "2025-07-28T17:09:23Z",
      "resolved": "github:NixOS/nixpkgs/648f70160c03151bc2121d179291337ad6bc564b#k9s",
      "source": "devbox-search",
      "version": "0.50.9",
      "systems": {
        "aarch64-darwin": {
          "outputs": [
            {
              "name": "out",
              "path": "/nix/store/9lbspbg4vwqji66y5cjx4fdkzyc6gndc-k9s-0.50.9",
              "default": true
            }
          ],
          "store_path": "/nix/store/9lbspbg4vwqji66y5cjx4fdkzyc6gndc-k9s-0.50.9"
        },
        "aarch64-linux": {
          "outputs": [
            {
              "name": "out",
              "path": "/nix/store/0p2d1lqikd1ybji3zf8nffcj3s24a1lh-k9s-0.50.9",
              "default": true
            }
          ],
          "store_path": "/nix/store/0p2d1lqikd1ybji3zf8nffcj3s24a1lh-k9s-0.50.9"
        },
        "x86_64-darwin": {
          "outputs": [
            {
              "name": "out",
              "path": "/nix/store/fyh4dy9xcyi3wf5rclbhn6ihssxvnn6k-k9s-0.50.9",
              "default": true
            }
          ],
          "store_path": "/nix/store/fyh4dy9xcyi3wf5rclbhn6ihssxvnn6k-k9s-0.50.9"
        },
        "x86_64-linux": {
          "outputs": [
            {
              "name": "out",
              "path": "/nix/store/gjlg5swbvf9kx15da6qb6gpgmgf8a8zi-k9s-0.50.9",
              "default": true
            }
          ],
          "store_path": "/nix/store/gjlg5swbvf9kx15da6qb6gpgmgf8a8zi-k9s-0.50.9"
        }
      }
    },
    "kubectl@latest": {
      "last_modified": "2025-07-28T17:09:23Z",
      "resolved": "github:NixOS/nixpkgs/648f70160c03151bc2121d179291337ad6bc564b#kubectl",
      "source": "devbox-search",
      "version": "1.33.3",
      "systems": {
        "aarch64-darwin": {
          "outputs": [
            {
              "name": "out",
              "path": "/nix/store/k5hj0mxpv84w7xzx2z4wc06r4hg1ccwj-kubectl-1.33.3",
              "default": true
            },
            {
              "name": "man",
              "path": "/nix/store/2mckzmqkc5y3bh66sx2ij6sy2l1yy5s3-kubectl-1.33.3-man",
              "default": true
            },
            {
              "name": "convert",
              "path": "/nix/store/x225vv21kfp2pgi3hxac4cpz60qlh6nv-kubectl-1.33.3-convert"
            }
          ],
          "store_path": "/nix/store/k5hj0mxpv84w7xzx2z4wc06r4hg1ccwj-kubectl-1.33.3"
        },
        "aarch64-linux": {
          "outputs": [
            {
              "name": "out",
              "path": "/nix/store/cclissn11ab1rw49qybz8q31631n3m9x-kubectl-1.33.3",
              "default": true
            },
            {
              "name": "man",
              "path": "/nix/store/5npib1jfzm5mnv2ri6lv3z1l2pxhp8lr-kubectl-1.33.3-man",
              "default": true
            },
            {
              "name": "convert",
              "path": "/nix/store/1ahkazwv31h3irkxpzazg20kpn3kngbz-kubectl-1.33.3-convert"
            }
          ],
          "store_path": "/nix/store/cclissn11ab1rw49qybz8q31631n3m9x-kubectl-1.33.3"
        },
        "x86_64-darwin": {
          "outputs": [
            {
              "name": "out",
              "path": "/nix/store/qhvbci1vbd66884yza8d8sr3xn08v5ar-kubectl-1.33.3",
              "default": true
            },
            {
              "name": "man",
              "path": "/nix/store/9r8lxjhv229w8c2gf0kbwsfjl9jcv6y2-kubectl-1.33.3-man",
              "default": true
            },
            {
              "name": "convert",
              "path": "/nix/store/x74dqs19xz986l140bjn15awxf62dkys-kubectl-1.33.3-convert"
            }
          ],
          "store_path": "/nix/store/qhvbci1vbd66884yza8d8sr3xn08v5ar-kubectl-1.33.3"
        },
        "x86_64-linux": {
          "outputs": [
            {
              "name": "out",
              "path": "/nix/store/vpx0zzs0hazp7k9byys204jl805ksa2y-kubectl-1.33.3",
              "default": true
            },
            {
              "name": "man",
              "path": "/nix/store/w38d510ixf5ijs8z4j6c2yiinqk8ddx8-kubectl-1.33.3-man",
              "default": true
            },
            {
              "name": "convert",
              "path": "/nix/store/sj77h1x39z09mmq6rv1cjmpj6gg9gylf-kubectl-1.33.3-convert"
            }
          ],
          "store_path": "/nix/store/vpx0zzs0hazp7k9byys204jl805ksa2y-kubectl-1.33.3"
        }
      }
    }
  }
}
